
Microsoft Visual Studio Solution File, Format Version 12.00
# Visual Studio 2013
VisualStudioVersion = 12.0.40629.0
MinimumVisualStudioVersion = 10.0.40219.1
Project("{FAE04EC0-301F-11D3-BF4B-00C04F79EFBC}") = "Mnsure Regression 1", "MNsure Test Automation1\Mnsure Regression 1.csproj", "{695CFF33-17A2-461E-9778-1D9973A8AA76}"
EndProject
Global
	GlobalSection(SolutionConfigurationPlatforms) = preSolution
		Debug|Any CPU = Debug|Any CPU
		Release|Any CPU = Release|Any CPU
	EndGlobalSection
	GlobalSection(ProjectConfigurationPlatforms) = postSolution
		{695CFF33-17A2-461E-9778-1D9973A8AA76}.Debug|Any CPU.ActiveCfg = Debug|Any CPU
		{695CFF33-17A2-461E-9778-1D9973A8AA76}.Debug|Any CPU.Build.0 = Debug|Any CPU
		{695CFF33-17A2-461E-9778-1D9973A8AA76}.Release|Any CPU.ActiveCfg = Release|Any CPU
		{695CFF33-17A2-461E-9778-1D9973A8AA76}.Release|Any CPU.Build.0 = Release|Any CPU
		{695CFF33-17A2-461E-9778-1D9973A8AA76}.Release|Any CPU.Deploy.0 = Release|Any CPU
	EndGlobalSection
	GlobalSection(SolutionProperties) = preSolution
		HideSolutionNode = FALSE
	EndGlobalSection
EndGlobal
